{
  "name": "solution",
  "version": "1.0.0",
  "lockfileVersion": 2,
  "requires": true,
  "packages": {
    "": {
      "name": "solution",
      "version": "1.0.0",
      "license": "ISC",
      "dependencies": {
        "package.json": "^0.0.0"
      },
      "devDependencies": {
        "jest-mock-random": "^1.0.2"
      }
    },
    "node_modules/jest-mock-random": {
      "version": "1.1.1",
      "resolved": "https://registry.npmjs.org/jest-mock-random/-/jest-mock-random-1.1.1.tgz",
      "integrity": "sha512-eLduwHIZeepHCHWTgx6MGr8k4CWxTG39SN76tszzgCjX8GNu6M/05WcXMci73z1GUVqYQAsw6inz6ndgr3Gmqw==",
      "dev": true
    },
    "node_modules/package.json": {
      "version": "0.0.0",
      "resolved": "https://registry.npmjs.org/package.json/-/package.json-0.0.0.tgz",
      "integrity": "sha512-4IJoBrMPxhC4cWwViXg7omAK6E/QD3F/DfmD1g20EI4AcV6V/KG5NqqLC2xjCclY1N5V7D+j6rJxi4mXyxIsMg==",
      "deprecated": "Use pkg.json instead."
    }
  },
  "dependencies": {
    "jest-mock-random": {
      "version": "1.1.1",
      "resolved": "https://registry.npmjs.org/jest-mock-random/-/jest-mock-random-1.1.1.tgz",
      "integrity": "sha512-eLduwHIZeepHCHWTgx6MGr8k4CWxTG39SN76tszzgCjX8GNu6M/05WcXMci73z1GUVqYQAsw6inz6ndgr3Gmqw==",
      "dev": true
    },
    "package.json": {
      "version": "0.0.0",
      "resolved": "https://registry.npmjs.org/package.json/-/package.json-0.0.0.tgz",
      "integrity": "sha512-4IJoBrMPxhC4cWwViXg7omAK6E/QD3F/DfmD1g20EI4AcV6V/KG5NqqLC2xjCclY1N5V7D+j6rJxi4mXyxIsMg=="
    }
  }
}
